// !$*UTF8*$!
{
	archiveVersion = 1;
	classes = {
	};
	objectVersion = 46;
	objects = {

/* Begin PBXBuildFile section */
		7961461518D4E5B100CAB86C /* Foundation.framework in Frameworks */ = {isa = PBXBuildFile; fileRef = 7961461418D4E5B100CAB86C /* Foundation.framework */; };
		7961461718D4E5B100CAB86C /* CoreGraphics.framework in Frameworks */ = {isa = PBXBuildFile; fileRef = 7961461618D4E5B100CAB86C /* CoreGraphics.framework */; };
		7961461918D4E5B100CAB86C /* UIKit.framework in Frameworks */ = {isa = PBXBuildFile; fileRef = 7961461818D4E5B100CAB86C /* UIKit.framework */; };
		7961461F18D4E5B100CAB86C /* InfoPlist.strings in Resources */ = {isa = PBXBuildFile; fileRef = 7961461D18D4E5B100CAB86C /* InfoPlist.strings */; };
		7961462118D4E5B100CAB86C /* main.m in Sources */ = {isa = PBXBuildFile; fileRef = 7961462018D4E5B100CAB86C /* main.m */; };
		7961462518D4E5B100CAB86C /* JHAppDelegate.m in Sources */ = {isa = PBXBuildFile; fileRef = 7961462418D4E5B100CAB86C /* JHAppDelegate.m */; };
		7961462718D4E5B100CAB86C /* Images.xcassets in Resources */ = {isa = PBXBuildFile; fileRef = 7961462618D4E5B100CAB86C /* Images.xcassets */; };
		7961462E18D4E5B100CAB86C /* XCTest.framework in Frameworks */ = {isa = PBXBuildFile; fileRef = 7961462D18D4E5B100CAB86C /* XCTest.framework */; };
		7961462F18D4E5B100CAB86C /* Foundation.framework in Frameworks */ = {isa = PBXBuildFile; fileRef = 7961461418D4E5B100CAB86C /* Foundation.framework */; };
		7961463018D4E5B100CAB86C /* UIKit.framework in Frameworks */ = {isa = PBXBuildFile; fileRef = 7961461818D4E5B100CAB86C /* UIKit.framework */; };
		7961463818D4E5B100CAB86C /* InfoPlist.strings in Resources */ = {isa = PBXBuildFile; fileRef = 7961463618D4E5B100CAB86C /* InfoPlist.strings */; };
		7961463A18D4E5B100CAB86C /* JHInfiniteScrollViewTests.m in Sources */ = {isa = PBXBuildFile; fileRef = 7961463918D4E5B100CAB86C /* JHInfiniteScrollViewTests.m */; };
/* End PBXBuildFile section */

/* Begin PBXContainerItemProxy section */
		7961463118D4E5B100CAB86C /* PBXContainerItemProxy */ = {
			isa = PBXContainerItemProxy;
			containerPortal = 7961460918D4E5B100CAB86C /* Project object */;
			proxyType = 1;
			remoteGlobalIDString = 7961461018D4E5B100CAB86C;
			remoteInfo = JHInfiniteScrollView;
		};
/* End PBXContainerItemProxy section */

/* Begin PBXFileReference section */
		7961461118D4E5B100CAB86C /* JHInfiniteScrollView.app */ = {isa = PBXFileReference; explicitFileType = wrapper.application; includeInIndex = 0; path = JHInfiniteScrollView.app; sourceTree = BUILT_PRODUCTS_DIR; };
		7961461418D4E5B100CAB86C /* Foundation.framework */ = {isa = PBXFileReference; lastKnownFileType = wrapper.framework; name = Foundation.framework; path = System/Library/Frameworks/Foundation.framework; sourceTree = SDKROOT; };
		7961461618D4E5B100CAB86C /* CoreGraphics.framework */ = {isa = PBXFileReference; lastKnownFileType = wrapper.framework; name = CoreGraphics.framework; path = System/Library/Frameworks/CoreGraphics.framework; sourceTree = SDKROOT; };
		7961461818D4E5B100CAB86C /* UIKit.framework */ = {isa = PBXFileReference; lastKnownFileType = wrapper.framework; name = UIKit.framework; path = System/Library/Frameworks/UIKit.framework; sourceTree = SDKROOT; };
		7961461C18D4E5B100CAB86C /* JHInfiniteScrollView-Info.plist */ = {isa = PBXFileReference; lastKnownFileType = text.plist.xml; path = "JHInfiniteScrollView-Info.plist"; sourceTree = "<group>"; };
		7961461E18D4E5B100CAB86C /* en */ = {isa = PBXFileReference; lastKnownFileType = text.plist.strings; name = en; path = en.lproj/InfoPlist.strings; sourceTree = "<group>"; };
		7961462018D4E5B100CAB86C /* main.m */ = {isa = PBXFileReference; lastKnownFileType = sourcecode.c.objc; path = main.m; sourceTree = "<group>"; };
		7961462218D4E5B100CAB86C /* JHInfiniteScrollView-Prefix.pch */ = {isa = PBXFileReference; lastKnownFileType = sourcecode.c.h; path = "JHInfiniteScrollView-Prefix.pch"; sourceTree = "<group>"; };
		7961462318D4E5B100CAB86C /* JHAppDelegate.h */ = {isa = PBXFileReference; lastKnownFileType = sourcecode.c.h; path = JHAppDelegate.h; sourceTree = "<group>"; };
		7961462418D4E5B100CAB86C /* JHAppDelegate.m */ = {isa = PBXFileReference; lastKnownFileType = sourcecode.c.objc; path = JHAppDelegate.m; sourceTree = "<group>"; };
		7961462618D4E5B100CAB86C /* Images.xcassets */ = {isa = PBXFileReference; lastKnownFileType = folder.assetcatalog; path = Images.xcassets; sourceTree = "<group>"; };
		7961462C18D4E5B100CAB86C /* JHInfiniteScrollViewTests.xctest */ = {isa = PBXFileReference; explicitFileType = wrapper.cfbundle; includeInIndex = 0; path = JHInfiniteScrollViewTests.xctest; sourceTree = BUILT_PRODUCTS_DIR; };
		7961462D18D4E5B100CAB86C /* XCTest.framework */ = {isa = PBXFileReference; lastKnownFileType = wrapper.framework; name = XCTest.framework; path = Library/Frameworks/XCTest.framework; sourceTree = DEVELOPER_DIR; };
		7961463518D4E5B100CAB86C /* JHInfiniteScrollViewTests-Info.plist */ = {isa = PBXFileReference; lastKnownFileType = text.plist.xml; path = "JHInfiniteScrollViewTests-Info.plist"; sourceTree = "<group>"; };
		7961463718D4E5B100CAB86C /* en */ = {isa = PBXFileReference; lastKnownFileType = text.plist.strings; name = en; path = en.lproj/InfoPlist.strings; sourceTree = "<group>"; };
		7961463918D4E5B100CAB86C /* JHInfiniteScrollViewTests.m */ = {isa = PBXFileReference; lastKnownFileType = sourcecode.c.objc; path = JHInfiniteScrollViewTests.m; sourceTree = "<group>"; };
/* End PBXFileReference section */

/* Begin PBXFrameworksBuildPhase section */
		7961460E18D4E5B100CAB86C /* Frameworks */ = {
			isa = PBXFrameworksBuildPhase;
			buildActionMask = 2147483647;
			files = (
				7961461718D4E5B100CAB86C /* CoreGraphics.framework in Frameworks */,
				7961461918D4E5B100CAB86C /* UIKit.framework in Frameworks */,
				7961461518D4E5B100CAB86C /* Foundation.framework in Frameworks */,
			);
			runOnlyForDeploymentPostprocessing = 0;
		};
		7961462918D4E5B100CAB86C /* Frameworks */ = {
			isa = PBXFrameworksBuildPhase;
			buildActionMask = 2147483647;
			files = (
				7961462E18D4E5B100CAB86C /* XCTest.framework in Frameworks */,
				7961463018D4E5B100CAB86C /* UIKit.framework in Frameworks */,
				7961462F18D4E5B100CAB86C /* Foundation.framework in Frameworks */,
			);
			runOnlyForDeploymentPostprocessing = 0;
		};
/* End PBXFrameworksBuildPhase section */

/* Begin PBXGroup section */
		7961460818D4E5B100CAB86C = {
			isa = PBXGroup;
			children = (
				7961461A18D4E5B100CAB86C /* JHInfiniteScrollView */,
				7961463318D4E5B100CAB86C /* JHInfiniteScrollViewTests */,
				7961461318D4E5B100CAB86C /* Frameworks */,
				7961461218D4E5B100CAB86C /* Products */,
			);
			sourceTree = "<group>";
		};
		7961461218D4E5B100CAB86C /* Products */ = {
			isa = PBXGroup;
			children = (
				7961461118D4E5B100CAB86C /* JHInfiniteScrollView.app */,
				7961462C18D4E5B100CAB86C /* JHInfiniteScrollViewTests.xctest */,
			);
			name = Products;
			sourceTree = "<group>";
		};
		7961461318D4E5B100CAB86C /* Frameworks */ = {
			isa = PBXGroup;
			children = (
				7961461418D4E5B100CAB86C /* Foundation.framework */,
				7961461618D4E5B100CAB86C /* CoreGraphics.framework */,
				7961461818D4E5B100CAB86C /* UIKit.framework */,
				7961462D18D4E5B100CAB86C /* XCTest.framework */,
			);
			name = Frameworks;
			sourceTree = "<group>";
		};
		7961461A18D4E5B100CAB86C /* JHInfiniteScrollView */ = {
			isa = PBXGroup;
			children = (
				7961464418D4EA6A00CAB86C /* JHScrollViewExample */,
				7961464318D4EA5E00CAB86C /* JHScrollView */,
				7961462318D4E5B100CAB86C /* JHAppDelegate.h */,
				7961462418D4E5B100CAB86C /* JHAppDelegate.m */,
				7961462618D4E5B100CAB86C /* Images.xcassets */,
				7961461B18D4E5B100CAB86C /* Supporting Files */,
			);
			path = JHInfiniteScrollView;
			sourceTree = "<group>";
		};
		7961461B18D4E5B100CAB86C /* Supporting Files */ = {
			isa = PBXGroup;
			children = (
				7961461C18D4E5B100CAB86C /* JHInfiniteScrollView-Info.plist */,
				7961461D18D4E5B100CAB86C /* InfoPlist.strings */,
				7961462018D4E5B100CAB86C /* main.m */,
				7961462218D4E5B100CAB86C /* JHInfiniteScrollView-Prefix.pch */,
			);
			name = "Supporting Files";
			sourceTree = "<group>";
		};
		7961463318D4E5B100CAB86C /* JHInfiniteScrollViewTests */ = {
			isa = PBXGroup;
			children = (
				7961463918D4E5B100CAB86C /* JHInfiniteScrollViewTests.m */,
				7961463418D4E5B100CAB86C /* Supporting Files */,
			);
			path = JHInfiniteScrollViewTests;
			sourceTree = "<group>";
		};
		7961463418D4E5B100CAB86C /* Supporting Files */ = {
			isa = PBXGroup;
			children = (
				7961463518D4E5B100CAB86C /* JHInfiniteScrollViewTests-Info.plist */,
				7961463618D4E5B100CAB86C /* InfoPlist.strings */,
			);
			name = "Supporting Files";
			sourceTree = "<group>";
		};
		7961464318D4EA5E00CAB86C /* JHScrollView */ = {
			isa = PBXGroup;
			children = (
			);
			name = JHScrollView;
			sourceTree = "<group>";
		};
		7961464418D4EA6A00CAB86C /* JHScrollViewExample */ = {
			isa = PBXGroup;
			children = (
			);
			name = JHScrollViewExample;
			sourceTree = "<group>";
		};
/* End PBXGroup section */

/* Begin PBXNativeTarget section */
		7961461018D4E5B100CAB86C /* JHInfiniteScrollView */ = {
			isa = PBXNativeTarget;
			buildConfigurationList = 7961463D18D4E5B100CAB86C /* Build configuration list for PBXNativeTarget "JHInfiniteScrollView" */;
			buildPhases = (
				7961460D18D4E5B100CAB86C /* Sources */,
				7961460E18D4E5B100CAB86C /* Frameworks */,
				7961460F18D4E5B100CAB86C /* Resources */,
			);
			buildRules = (
			);
			dependencies = (
			);
			name = JHInfiniteScrollView;
			productName = JHInfiniteScrollView;
			productReference = 7961461118D4E5B100CAB86C /* JHInfiniteScrollView.app */;
			productType = "com.apple.product-type.application";
		};
		7961462B18D4E5B100CAB86C /* JHInfiniteScrollViewTests */ = {
			isa = PBXNativeTarget;
			buildConfigurationList = 7961464018D4E5B100CAB86C /* Build configuration list for PBXNativeTarget "JHInfiniteScrollViewTests" */;
			buildPhases = (
				7961462818D4E5B100CAB86C /* Sources */,
				7961462918D4E5B100CAB86C /* Frameworks */,
				7961462A18D4E5B100CAB86C /* Resources */,
			);
			buildRules = (
			);
			dependencies = (
				7961463218D4E5B100CAB86C /* PBXTargetDependency */,
			);
			name = JHInfiniteScrollViewTests;
			productName = JHInfiniteScrollViewTests;
			productReference = 7961462C18D4E5B100CAB86C /* JHInfiniteScrollViewTests.xctest */;
			productType = "com.apple.product-type.bundle.unit-test";
		};
/* End PBXNativeTarget section */

/* Begin PBXProject section */
		7961460918D4E5B100CAB86C /* Project object */ = {
			isa = PBXProject;
			attributes = {
				CLASSPREFIX = JH;
				LastUpgradeCheck = 0500;
				ORGANIZATIONNAME = Jhaliya;
				TargetAttributes = {
					7961462B18D4E5B100CAB86C = {
						TestTargetID = 7961461018D4E5B100CAB86C;
					};
				};
			};
			buildConfigurationList = 7961460C18D4E5B100CAB86C /* Build configuration list for PBXProject "JHInfiniteScrollView" */;
			compatibilityVersion = "Xcode 3.2";
			developmentRegion = English;
			hasScannedForEncodings = 0;
			knownRegions = (
				en,
			);
			mainGroup = 7961460818D4E5B100CAB86C;
			productRefGroup = 7961461218D4E5B100CAB86C /* Products */;
			projectDirPath = "";
			projectRoot = "";
			targets = (
				7961461018D4E5B100CAB86C /* JHInfiniteScrollView */,
				7961462B18D4E5B100CAB86C /* JHInfiniteScrollViewTests */,
			);
		};
/* End PBXProject section */

/* Begin PBXResourcesBuildPhase section */
		7961460F18D4E5B100CAB86C /* Resources */ = {
			isa = PBXResourcesBuildPhase;
			buildActionMask = 2147483647;
			files = (
				7961461F18D4E5B100CAB86C /* InfoPlist.strings in Resources */,
				7961462718D4E5B100CAB86C /* Images.xcassets in Resources */,
			);
			runOnlyForDeploymentPostprocessing = 0;
		};
		7961462A18D4E5B100CAB86C /* Resources */ = {
			isa = PBXResourcesBuildPhase;
			buildActionMask = 2147483647;
			files = (
				7961463818D4E5B100CAB86C /* InfoPlist.strings in Resources */,
			);
			runOnlyForDeploymentPostprocessing = 0;
		};
/* End PBXResourcesBuildPhase section */

/* Begin PBXSourcesBuildPhase section */
		7961460D18D4E5B100CAB86C /* Sources */ = {
			isa = PBXSourcesBuildPhase;
			buildActionMask = 2147483647;
			files = (
				7961462518D4E5B100CAB86C /* JHAppDelegate.m in Sources */,
				7961462118D4E5B100CAB86C /* main.m in Sources */,
			);
			runOnlyForDeploymentPostprocessing = 0;
		};
		7961462818D4E5B100CAB86C /* Sources */ = {
			isa = PBXSourcesBuildPhase;
			buildActionMask = 2147483647;
			files = (
				7961463A18D4E5B100CAB86C /* JHInfiniteScrollViewTests.m in Sources */,
			);
			runOnlyForDeploymentPostprocessing = 0;
		};
/* End PBXSourcesBuildPhase section */

/* Begin PBXTargetDependency section */
		7961463218D4E5B100CAB86C /* PBXTargetDependency */ = {
			isa = PBXTargetDependency;
			target = 7961461018D4E5B100CAB86C /* JHInfiniteScrollView */;
			targetProxy = 7961463118D4E5B100CAB86C /* PBXContainerItemProxy */;
		};
/* End PBXTargetDependency section */

/* Begin PBXVariantGroup section */
		7961461D18D4E5B100CAB86C /* InfoPlist.strings */ = {
			isa = PBXVariantGroup;
			children = (
				7961461E18D4E5B100CAB86C /* en */,
			);
			name = InfoPlist.strings;
			sourceTree = "<group>";
		};
		7961463618D4E5B100CAB86C /* InfoPlist.strings */ = {
			isa = PBXVariantGroup;
			children = (
				7961463718D4E5B100CAB86C /* en */,
			);
			name = InfoPlist.strings;
			sourceTree = "<group>";
		};
/* End PBXVariantGroup section */

/* Begin XCBuildConfiguration section */
		7961463B18D4E5B100CAB86C /* Debug */ = {
			isa = XCBuildConfiguration;
			buildSettings = {
				ALWAYS_SEARCH_USER_PATHS = NO;
				ARCHS = "$(ARCHS_STANDARD_INCLUDING_64_BIT)";
				CLANG_CXX_LANGUAGE_STANDARD = "gnu++0x";
				CLANG_CXX_LIBRARY = "libc++";
				CLANG_ENABLE_MODULES = YES;
				CLANG_ENABLE_OBJC_ARC = YES;
				CLANG_WARN_BOOL_CONVERSION = YES;
				CLANG_WARN_CONSTANT_CONVERSION = YES;
				CLANG_WARN_DIRECT_OBJC_ISA_USAGE = YES_ERROR;
				CLANG_WARN_EMPTY_BODY = YES;
				CLANG_WARN_ENUM_CONVERSION = YES;
				CLANG_WARN_INT_CONVERSION = YES;
				CLANG_WARN_OBJC_ROOT_CLASS = YES_ERROR;
				CLANG_WARN__DUPLICATE_METHOD_MATCH = YES;
				"CODE_SIGN_IDENTITY[sdk=iphoneos*]" = "iPhone Developer";
				COPY_PHASE_STRIP = NO;
				GCC_C_LANGUAGE_STANDARD = gnu99;
				GCC_DYNAMIC_NO_PIC = NO;
				GCC_OPTIMIZATION_LEVEL = 0;
				GCC_PREPROCESSOR_DEFINITIONS = (
					"DEBUG=1",
					"$(inherited)",
				);
				GCC_SYMBOLS_PRIVATE_EXTERN = NO;
				GCC_WARN_64_TO_32_BIT_CONVERSION = YES;
				GCC_WARN_ABOUT_RETURN_TYPE = YES_ERROR;
				GCC_WARN_UNDECLARED_SELECTOR = YES;
				GCC_WARN_UNINITIALIZED_AUTOS = YES;
				GCC_WARN_UNUSED_FUNCTION = YES;
				GCC_WARN_UNUSED_VARIABLE = YES;
				IPHONEOS_DEPLOYMENT_TARGET = 7.0;
				ONLY_ACTIVE_ARCH = YES;
				SDKROOT = iphoneos;
			};
			name = Debug;
		};
		7961463C18D4E5B100CAB86C /* Release */ = {
			isa = XCBuildConfiguration;
			buildSettings = {
				ALWAYS_SEARCH_USER_PATHS = NO;
				ARCHS = "$(ARCHS_STANDARD_INCLUDING_64_BIT)";
				CLANG_CXX_LANGUAGE_STANDARD = "gnu++0x";
				CLANG_CXX_LIBRARY = "libc++";
				CLANG_ENABLE_MODULES = YES;
				CLANG_ENABLE_OBJC_ARC = YES;
				CLANG_WARN_BOOL_CONVERSION = YES;
				CLANG_WARN_CONSTANT_CONVERSION = YES;
				CLANG_WARN_DIRECT_OBJC_ISA_USAGE = YES_ERROR;
				CLANG_WARN_EMPTY_BODY = YES;
				CLANG_WARN_ENUM_CONVERSION = YES;
				CLANG_WARN_INT_CONVERSION = YES;
				CLANG_WARN_OBJC_ROOT_CLASS = YES_ERROR;
				CLANG_WARN__DUPLICATE_METHOD_MATCH = YES;
				"CODE_SIGN_IDENTITY[sdk=iphoneos*]" = "iPhone Developer";
				COPY_PHASE_STRIP = YES;
				ENABLE_NS_ASSERTIONS = NO;
				GCC_C_LANGUAGE_STANDARD = gnu99;
				GCC_WARN_64_TO_32_BIT_CONVERSION = YES;
				GCC_WARN_ABOUT_RETURN_TYPE = YES_ERROR;
				GCC_WARN_UNDECLARED_SELECTOR = YES;
				GCC_WARN_UNINITIALIZED_AUTOS = YES;
				GCC_WARN_UNUSED_FUNCTION = YES;
				GCC_WARN_UNUSED_VARIABLE = YES;
				IPHONEOS_DEPLOYMENT_TARGET = 7.0;
				SDKROOT = iphoneos;
				VALIDATE_PRODUCT = YES;
			};
			name = Release;
		};
		7961463E18D4E5B100CAB86C /* Debug */ = {
			isa = XCBuildConfiguration;
			buildSettings = {
				ASSETCATALOG_COMPILER_APPICON_NAME = AppIcon;
				ASSETCATALOG_COMPILER_LAUNCHIMAGE_NAME = LaunchImage;
				GCC_PRECOMPILE_PREFIX_HEADER = YES;
				GCC_PREFIX_HEADER = "JHInfiniteScrollView/JHInfiniteScrollView-Prefix.pch";
				INFOPLIST_FILE = "JHInfiniteScrollView/JHInfiniteScrollView-Info.plist";
				PRODUCT_NAME = "$(TARGET_NAME)";
				WRAPPER_EXTENSION = app;
			};
			name = Debug;
		};
		7961463F18D4E5B100CAB86C /* Release */ = {
			isa = XCBuildConfiguration;
			buildSettings = {
				ASSETCATALOG_COMPILER_APPICON_NAME = AppIcon;
				ASSETCATALOG_COMPILER_LAUNCHIMAGE_NAME = LaunchImage;
				GCC_PRECOMPILE_PREFIX_HEADER = YES;
				GCC_PREFIX_HEADER = "JHInfiniteScrollView/JHInfiniteScrollView-Prefix.pch";
				INFOPLIST_FILE = "JHInfiniteScrollView/JHInfiniteScrollView-Info.plist";
				PRODUCT_NAME = "$(TARGET_NAME)";
				WRAPPER_EXTENSION = app;
			};
			name = Release;
		};
		7961464118D4E5B100CAB86C /* Debug */ = {
			isa = XCBuildConfiguration;
			buildSettings = {
				ARCHS = "$(ARCHS_STANDARD_INCLUDING_64_BIT)";
				BUNDLE_LOADER = "$(BUILT_PRODUCTS_DIR)/JHInfiniteScrollView.app/JHInfiniteScrollView";
				FRAMEWORK_SEARCH_PATHS = (
					"$(SDKROOT)/Developer/Library/Frameworks",
					"$(inherited)",
					"$(DEVELOPER_FRAMEWORKS_DIR)",
				);
				GCC_PRECOMPILE_PREFIX_HEADER = YES;
				GCC_PREFIX_HEADER = "JHInfiniteScrollView/JHInfiniteScrollView-Prefix.pch";
				GCC_PREPROCESSOR_DEFINITIONS = (
					"DEBUG=1",
					"$(inherited)",
				);
				INFOPLIST_FILE = "JHInfiniteScrollViewTests/JHInfiniteScrollViewTests-Info.plist";
				PRODUCT_NAME = "$(TARGET_NAME)";
				TEST_HOST = "$(BUNDLE_LOADER)";
				WRAPPER_EXTENSION = xctest;
			};
			name = Debug;
		};
		7961464218D4E5B100CAB86C /* Release */ = {
			isa = XCBuildConfiguration;
			buildSettings = {
				ARCHS = "$(ARCHS_STANDARD_INCLUDING_64_BIT)";
				BUNDLE_LOADER = "$(BUILT_PRODUCTS_DIR)/JHInfiniteScrollView.app/JHInfiniteScrollView";
				FRAMEWORK_SEARCH_PATHS = (
					"$(SDKROOT)/Developer/Library/Frameworks",
					"$(inherited)",
					"$(DEVELOPER_FRAMEWORKS_DIR)",
				);
				GCC_PRECOMPILE_PREFIX_HEADER = YES;
				GCC_PREFIX_HEADER = "JHInfiniteScrollView/JHInfiniteScrollView-Prefix.pch";
				INFOPLIST_FILE = "JHInfiniteScrollViewTests/JHInfiniteScrollViewTests-Info.plist";
				PRODUCT_NAME = "$(TARGET_NAME)";
				TEST_HOST = "$(BUNDLE_LOADER)";
				WRAPPER_EXTENSION = xctest;
			};
			name = Release;
		};
/* End XCBuildConfiguration section */

/* Begin XCConfigurationList section */
		7961460C18D4E5B100CAB86C /* Build configuration list for PBXProject "JHInfiniteScrollView" */ = {
			isa = XCConfigurationList;
			buildConfigurations = (
				7961463B18D4E5B100CAB86C /* Debug */,
				7961463C18D4E5B100CAB86C /* Release */,
			);
			defaultConfigurationIsVisible = 0;
			defaultConfigurationName = Release;
		};
		7961463D18D4E5B100CAB86C /* Build configuration list for PBXNativeTarget "JHInfiniteScrollView" */ = {
			isa = XCConfigurationList;
			buildConfigurations = (
				7961463E18D4E5B100CAB86C /* Debug */,
				7961463F18D4E5B100CAB86C /* Release */,
			);
			defaultConfigurationIsVisible = 0;
			defaultConfigurationName = Release;
		};
		7961464018D4E5B100CAB86C /* Build configuration list for PBXNativeTarget "JHInfiniteScrollViewTests" */ = {
			isa = XCConfigurationList;
			buildConfigurations = (
				7961464118D4E5B100CAB86C /* Debug */,
				7961464218D4E5B100CAB86C /* Release */,
			);
			defaultConfigurationIsVisible = 0;
			defaultConfigurationName = Release;
		};
/* End XCConfigurationList section */
	};
	rootObject = 7961460918D4E5B100CAB86C /* Project object */;
}
